
Microsoft Visual Studio Solution File, Format Version 12.00
# Visual Studio Version 17
VisualStudioVersion = 17.3.32825.248
MinimumVisualStudioVersion = 10.0.40219.1
Project("{FAE04EC0-301F-11D3-BF4B-00C04F79EFBC}") = "Week2new", "Week2new\Week2new.csproj", "{0C1393A6-A1CC-4C83-9FD4-66DF07233CD6}"
EndProject
Project("{FAE04EC0-301F-11D3-BF4B-00C04F79EFBC}") = "UserGenderValidation", "UserGenderValidation\UserGenderValidation.csproj", "{99CD69BD-CB5B-4447-B073-CD4F4D5CD469}"
EndProject
Project("{FAE04EC0-301F-11D3-BF4B-00C04F79EFBC}") = "UserAgeValidation", "UserAgeValidation\UserAgeValidation.csproj", "{4313AFF0-5133-421E-ABDA-EA9B0C280F3C}"
EndProject
Global
	GlobalSection(SolutionConfigurationPlatforms) = preSolution
		Debug|Any CPU = Debug|Any CPU
		Release|Any CPU = Release|Any CPU
	EndGlobalSection
	GlobalSection(ProjectConfigurationPlatforms) = postSolution
		{0C1393A6-A1CC-4C83-9FD4-66DF07233CD6}.Debug|Any CPU.ActiveCfg = Debug|Any CPU
		{0C1393A6-A1CC-4C83-9FD4-66DF07233CD6}.Debug|Any CPU.Build.0 = Debug|Any CPU
		{0C1393A6-A1CC-4C83-9FD4-66DF07233CD6}.Release|Any CPU.ActiveCfg = Release|Any CPU
		{0C1393A6-A1CC-4C83-9FD4-66DF07233CD6}.Release|Any CPU.Build.0 = Release|Any CPU
		{99CD69BD-CB5B-4447-B073-CD4F4D5CD469}.Debug|Any CPU.ActiveCfg = Debug|Any CPU
		{99CD69BD-CB5B-4447-B073-CD4F4D5CD469}.Debug|Any CPU.Build.0 = Debug|Any CPU
		{99CD69BD-CB5B-4447-B073-CD4F4D5CD469}.Release|Any CPU.ActiveCfg = Release|Any CPU
		{99CD69BD-CB5B-4447-B073-CD4F4D5CD469}.Release|Any CPU.Build.0 = Release|Any CPU
		{4313AFF0-5133-421E-ABDA-EA9B0C280F3C}.Debug|Any CPU.ActiveCfg = Debug|Any CPU
		{4313AFF0-5133-421E-ABDA-EA9B0C280F3C}.Debug|Any CPU.Build.0 = Debug|Any CPU
		{4313AFF0-5133-421E-ABDA-EA9B0C280F3C}.Release|Any CPU.ActiveCfg = Release|Any CPU
		{4313AFF0-5133-421E-ABDA-EA9B0C280F3C}.Release|Any CPU.Build.0 = Release|Any CPU
	EndGlobalSection
	GlobalSection(SolutionProperties) = preSolution
		HideSolutionNode = FALSE
	EndGlobalSection
	GlobalSection(ExtensibilityGlobals) = postSolution
		SolutionGuid = {EC26CC0A-DF82-4323-BE7D-7E1B8DC1BB09}
	EndGlobalSection
EndGlobal
